// !$*UTF8*$!
{
	archiveVersion = 1;
	classes = {
	};
	objectVersion = 55;
	objects = {

/* Begin PBXBuildFile section */
		2A1AC9F540CD384A5A5069E9 /* Pods_Questar.framework in Frameworks */ = {isa = PBXBuildFile; fileRef = EC6C18F5E11727A9A742E82B /* Pods_Questar.framework */; };
		9C09DF2328C8EFFE00086D4D /* ARVC.storyboard in Resources */ = {isa = PBXBuildFile; fileRef = 9C09DF2228C8EFFE00086D4D /* ARVC.storyboard */; };
		9C8D897F28C8E77A0081F008 /* AppDelegate.swift in Sources */ = {isa = PBXBuildFile; fileRef = 9C8D897E28C8E77A0081F008 /* AppDelegate.swift */; };
		9C8D898128C8E77A0081F008 /* ARVC.swift in Sources */ = {isa = PBXBuildFile; fileRef = 9C8D898028C8E77A0081F008 /* ARVC.swift */; };
		9C8D898328C8E77A0081F008 /* Experience.rcproject in Sources */ = {isa = PBXBuildFile; fileRef = 9C8D898228C8E77A0081F008 /* Experience.rcproject */; };
		9C8D898628C8E77A0081F008 /* Main.storyboard in Resources */ = {isa = PBXBuildFile; fileRef = 9C8D898428C8E77A0081F008 /* Main.storyboard */; };
		9C8D898828C8E77D0081F008 /* Assets.xcassets in Resources */ = {isa = PBXBuildFile; fileRef = 9C8D898728C8E77D0081F008 /* Assets.xcassets */; };
		9C8D898B28C8E77D0081F008 /* LaunchScreen.storyboard in Resources */ = {isa = PBXBuildFile; fileRef = 9C8D898928C8E77D0081F008 /* LaunchScreen.storyboard */; };
		9CF6D2B328CB268900A33D11 /* CreateQuestVC.storyboard in Resources */ = {isa = PBXBuildFile; fileRef = 9CF6D2B228CB268900A33D11 /* CreateQuestVC.storyboard */; };
		9CF6D2B928CB38F700A33D11 /* MainVC.swift in Sources */ = {isa = PBXBuildFile; fileRef = 9CF6D2B828CB38F700A33D11 /* MainVC.swift */; };
		9CF6D2BB28CB39B300A33D11 /* Storyboardable.swift in Sources */ = {isa = PBXBuildFile; fileRef = 9CF6D2BA28CB39B300A33D11 /* Storyboardable.swift */; };
		9CF6D2BD28CB39FE00A33D11 /* CreateQuestVC.swift in Sources */ = {isa = PBXBuildFile; fileRef = 9CF6D2BC28CB39FE00A33D11 /* CreateQuestVC.swift */; };
		9CF6D2C028CB41F000A33D11 /* Quest.swift in Sources */ = {isa = PBXBuildFile; fileRef = 9CF6D2BF28CB41F000A33D11 /* Quest.swift */; };
		9CF6D2C228CB430300A33D11 /* QuestStepCell.swift in Sources */ = {isa = PBXBuildFile; fileRef = 9CF6D2C128CB430300A33D11 /* QuestStepCell.swift */; };
		9CF6D2C428CB465800A33D11 /* QuestStepCell.xib in Resources */ = {isa = PBXBuildFile; fileRef = 9CF6D2C328CB465800A33D11 /* QuestStepCell.xib */; };
/* End PBXBuildFile section */

/* Begin PBXFileReference section */
		07F40D032235738D8195EDB2 /* Pods-Questar.release.xcconfig */ = {isa = PBXFileReference; includeInIndex = 1; lastKnownFileType = text.xcconfig; name = "Pods-Questar.release.xcconfig"; path = "Target Support Files/Pods-Questar/Pods-Questar.release.xcconfig"; sourceTree = "<group>"; };
		299BECAA3DD3E88ECB766232 /* Pods-Questar.debug.xcconfig */ = {isa = PBXFileReference; includeInIndex = 1; lastKnownFileType = text.xcconfig; name = "Pods-Questar.debug.xcconfig"; path = "Target Support Files/Pods-Questar/Pods-Questar.debug.xcconfig"; sourceTree = "<group>"; };
		42B34030695AECDD9C304ACC /* Pods-Mementar.debug.xcconfig */ = {isa = PBXFileReference; includeInIndex = 1; lastKnownFileType = text.xcconfig; name = "Pods-Mementar.debug.xcconfig"; path = "Target Support Files/Pods-Mementar/Pods-Mementar.debug.xcconfig"; sourceTree = "<group>"; };
		9C09DF2228C8EFFE00086D4D /* ARVC.storyboard */ = {isa = PBXFileReference; lastKnownFileType = file.storyboard; path = ARVC.storyboard; sourceTree = "<group>"; };
		9C8D897B28C8E77A0081F008 /* Questar.app */ = {isa = PBXFileReference; explicitFileType = wrapper.application; includeInIndex = 0; path = Questar.app; sourceTree = BUILT_PRODUCTS_DIR; };
		9C8D897E28C8E77A0081F008 /* AppDelegate.swift */ = {isa = PBXFileReference; lastKnownFileType = sourcecode.swift; path = AppDelegate.swift; sourceTree = "<group>"; };
		9C8D898028C8E77A0081F008 /* ARVC.swift */ = {isa = PBXFileReference; lastKnownFileType = sourcecode.swift; path = ARVC.swift; sourceTree = "<group>"; };
		9C8D898228C8E77A0081F008 /* Experience.rcproject */ = {isa = PBXFileReference; lastKnownFileType = file.rcproject; path = Experience.rcproject; sourceTree = "<group>"; };
		9C8D898528C8E77A0081F008 /* Base */ = {isa = PBXFileReference; lastKnownFileType = file.storyboard; name = Base; path = Base.lproj/Main.storyboard; sourceTree = "<group>"; };
		9C8D898728C8E77D0081F008 /* Assets.xcassets */ = {isa = PBXFileReference; lastKnownFileType = folder.assetcatalog; path = Assets.xcassets; sourceTree = "<group>"; };
		9C8D898A28C8E77D0081F008 /* Base */ = {isa = PBXFileReference; lastKnownFileType = file.storyboard; name = Base; path = Base.lproj/LaunchScreen.storyboard; sourceTree = "<group>"; };
		9CF6D2B228CB268900A33D11 /* CreateQuestVC.storyboard */ = {isa = PBXFileReference; lastKnownFileType = file.storyboard; path = CreateQuestVC.storyboard; sourceTree = "<group>"; };
		9CF6D2B828CB38F700A33D11 /* MainVC.swift */ = {isa = PBXFileReference; lastKnownFileType = sourcecode.swift; path = MainVC.swift; sourceTree = "<group>"; };
		9CF6D2BA28CB39B300A33D11 /* Storyboardable.swift */ = {isa = PBXFileReference; lastKnownFileType = sourcecode.swift; path = Storyboardable.swift; sourceTree = "<group>"; };
		9CF6D2BC28CB39FE00A33D11 /* CreateQuestVC.swift */ = {isa = PBXFileReference; lastKnownFileType = sourcecode.swift; path = CreateQuestVC.swift; sourceTree = "<group>"; };
		9CF6D2BF28CB41F000A33D11 /* Quest.swift */ = {isa = PBXFileReference; lastKnownFileType = sourcecode.swift; path = Quest.swift; sourceTree = "<group>"; };
		9CF6D2C128CB430300A33D11 /* QuestStepCell.swift */ = {isa = PBXFileReference; lastKnownFileType = sourcecode.swift; path = QuestStepCell.swift; sourceTree = "<group>"; };
		9CF6D2C328CB465800A33D11 /* QuestStepCell.xib */ = {isa = PBXFileReference; lastKnownFileType = file.xib; path = QuestStepCell.xib; sourceTree = "<group>"; };
		D617DDF25C6EA383EF85C6A2 /* Pods-Mementar.release.xcconfig */ = {isa = PBXFileReference; includeInIndex = 1; lastKnownFileType = text.xcconfig; name = "Pods-Mementar.release.xcconfig"; path = "Target Support Files/Pods-Mementar/Pods-Mementar.release.xcconfig"; sourceTree = "<group>"; };
		EC6C18F5E11727A9A742E82B /* Pods_Questar.framework */ = {isa = PBXFileReference; explicitFileType = wrapper.framework; includeInIndex = 0; path = Pods_Questar.framework; sourceTree = BUILT_PRODUCTS_DIR; };
/* End PBXFileReference section */

/* Begin PBXFrameworksBuildPhase section */
		9C8D897828C8E77A0081F008 /* Frameworks */ = {
			isa = PBXFrameworksBuildPhase;
			buildActionMask = 2147483647;
			files = (
				2A1AC9F540CD384A5A5069E9 /* Pods_Questar.framework in Frameworks */,
			);
			runOnlyForDeploymentPostprocessing = 0;
		};
/* End PBXFrameworksBuildPhase section */

/* Begin PBXGroup section */
		6BF762165C61CF0E0D56C87C /* Frameworks */ = {
			isa = PBXGroup;
			children = (
				EC6C18F5E11727A9A742E82B /* Pods_Questar.framework */,
			);
			name = Frameworks;
			sourceTree = "<group>";
		};
		7A4DEEDCFC56719C42A84247 /* Pods */ = {
			isa = PBXGroup;
			children = (
				42B34030695AECDD9C304ACC /* Pods-Mementar.debug.xcconfig */,
				D617DDF25C6EA383EF85C6A2 /* Pods-Mementar.release.xcconfig */,
				299BECAA3DD3E88ECB766232 /* Pods-Questar.debug.xcconfig */,
				07F40D032235738D8195EDB2 /* Pods-Questar.release.xcconfig */,
			);
			path = Pods;
			sourceTree = "<group>";
		};
		9C8D897228C8E77A0081F008 = {
			isa = PBXGroup;
			children = (
				9C8D897D28C8E77A0081F008 /* Questar */,
				9C8D897C28C8E77A0081F008 /* Products */,
				7A4DEEDCFC56719C42A84247 /* Pods */,
				6BF762165C61CF0E0D56C87C /* Frameworks */,
			);
			sourceTree = "<group>";
		};
		9C8D897C28C8E77A0081F008 /* Products */ = {
			isa = PBXGroup;
			children = (
				9C8D897B28C8E77A0081F008 /* Questar.app */,
			);
			name = Products;
			sourceTree = "<group>";
		};
		9C8D897D28C8E77A0081F008 /* Questar */ = {
			isa = PBXGroup;
			children = (
				9CF6D2BE28CB41E300A33D11 /* QuestModels */,
				9CF6D2B628CB26C200A33D11 /* CreateQuest */,
				9CF6D2B528CB26A200A33D11 /* Main */,
				9CF6D2B428CB269200A33D11 /* AR VC */,
				9C8D897E28C8E77A0081F008 /* AppDelegate.swift */,
				9C8D898228C8E77A0081F008 /* Experience.rcproject */,
				9C8D898728C8E77D0081F008 /* Assets.xcassets */,
				9C8D898928C8E77D0081F008 /* LaunchScreen.storyboard */,
				9CF6D2BA28CB39B300A33D11 /* Storyboardable.swift */,
			);
			path = Questar;
			sourceTree = "<group>";
		};
		9CF6D2B428CB269200A33D11 /* AR VC */ = {
			isa = PBXGroup;
			children = (
				9C09DF2228C8EFFE00086D4D /* ARVC.storyboard */,
				9C8D898028C8E77A0081F008 /* ARVC.swift */,
			);
			path = "AR VC";
			sourceTree = "<group>";
		};
		9CF6D2B528CB26A200A33D11 /* Main */ = {
			isa = PBXGroup;
			children = (
				9C8D898428C8E77A0081F008 /* Main.storyboard */,
				9CF6D2B828CB38F700A33D11 /* MainVC.swift */,
			);
			path = Main;
			sourceTree = "<group>";
		};
		9CF6D2B628CB26C200A33D11 /* CreateQuest */ = {
			isa = PBXGroup;
			children = (
				9CF6D2B228CB268900A33D11 /* CreateQuestVC.storyboard */,
				9CF6D2BC28CB39FE00A33D11 /* CreateQuestVC.swift */,
				9CF6D2C128CB430300A33D11 /* QuestStepCell.swift */,
				9CF6D2C328CB465800A33D11 /* QuestStepCell.xib */,
			);
			path = CreateQuest;
			sourceTree = "<group>";
		};
		9CF6D2BE28CB41E300A33D11 /* QuestModels */ = {
			isa = PBXGroup;
			children = (
				9CF6D2BF28CB41F000A33D11 /* Quest.swift */,
			);
			path = QuestModels;
			sourceTree = "<group>";
		};
/* End PBXGroup section */

/* Begin PBXNativeTarget section */
		9C8D897A28C8E77A0081F008 /* Questar */ = {
			isa = PBXNativeTarget;
			buildConfigurationList = 9C8D898E28C8E77D0081F008 /* Build configuration list for PBXNativeTarget "Questar" */;
			buildPhases = (
				BF828A6D24BBDFBCF1454CCA /* [CP] Check Pods Manifest.lock */,
				9C8D897728C8E77A0081F008 /* Sources */,
				9C8D897828C8E77A0081F008 /* Frameworks */,
				9C8D897928C8E77A0081F008 /* Resources */,
				B9E20A13EF7A1360454F233F /* [CP] Embed Pods Frameworks */,
			);
			buildRules = (
			);
			dependencies = (
			);
			name = Questar;
			productName = Mementar;
			productReference = 9C8D897B28C8E77A0081F008 /* Questar.app */;
			productType = "com.apple.product-type.application";
		};
/* End PBXNativeTarget section */

/* Begin PBXProject section */
		9C8D897328C8E77A0081F008 /* Project object */ = {
			isa = PBXProject;
			attributes = {
				BuildIndependentTargetsInParallel = 1;
				LastSwiftUpdateCheck = 1340;
				LastUpgradeCheck = 1340;
				TargetAttributes = {
					9C8D897A28C8E77A0081F008 = {
						CreatedOnToolsVersion = 13.4.1;
					};
				};
			};
			buildConfigurationList = 9C8D897628C8E77A0081F008 /* Build configuration list for PBXProject "Questar" */;
			compatibilityVersion = "Xcode 13.0";
			developmentRegion = en;
			hasScannedForEncodings = 0;
			knownRegions = (
				en,
				Base,
			);
			mainGroup = 9C8D897228C8E77A0081F008;
			productRefGroup = 9C8D897C28C8E77A0081F008 /* Products */;
			projectDirPath = "";
			projectRoot = "";
			targets = (
				9C8D897A28C8E77A0081F008 /* Questar */,
			);
		};
/* End PBXProject section */

/* Begin PBXResourcesBuildPhase section */
		9C8D897928C8E77A0081F008 /* Resources */ = {
			isa = PBXResourcesBuildPhase;
			buildActionMask = 2147483647;
			files = (
				9CF6D2B328CB268900A33D11 /* CreateQuestVC.storyboard in Resources */,
				9C8D898B28C8E77D0081F008 /* LaunchScreen.storyboard in Resources */,
				9C8D898828C8E77D0081F008 /* Assets.xcassets in Resources */,
				9C09DF2328C8EFFE00086D4D /* ARVC.storyboard in Resources */,
				9CF6D2C428CB465800A33D11 /* QuestStepCell.xib in Resources */,
				9C8D898628C8E77A0081F008 /* Main.storyboard in Resources */,
			);
			runOnlyForDeploymentPostprocessing = 0;
		};
/* End PBXResourcesBuildPhase section */

/* Begin PBXShellScriptBuildPhase section */
		B9E20A13EF7A1360454F233F /* [CP] Embed Pods Frameworks */ = {
			isa = PBXShellScriptBuildPhase;
			buildActionMask = 2147483647;
			files = (
			);
			inputFileListPaths = (
				"${PODS_ROOT}/Target Support Files/Pods-Questar/Pods-Questar-frameworks-${CONFIGURATION}-input-files.xcfilelist",
			);
			name = "[CP] Embed Pods Frameworks";
			outputFileListPaths = (
				"${PODS_ROOT}/Target Support Files/Pods-Questar/Pods-Questar-frameworks-${CONFIGURATION}-output-files.xcfilelist",
			);
			runOnlyForDeploymentPostprocessing = 0;
			shellPath = /bin/sh;
			shellScript = "\"${PODS_ROOT}/Target Support Files/Pods-Questar/Pods-Questar-frameworks.sh\"\n";
			showEnvVarsInLog = 0;
		};
		BF828A6D24BBDFBCF1454CCA /* [CP] Check Pods Manifest.lock */ = {
			isa = PBXShellScriptBuildPhase;
			buildActionMask = 2147483647;
			files = (
			);
			inputFileListPaths = (
			);
			inputPaths = (
				"${PODS_PODFILE_DIR_PATH}/Podfile.lock",
				"${PODS_ROOT}/Manifest.lock",
			);
			name = "[CP] Check Pods Manifest.lock";
			outputFileListPaths = (
			);
			outputPaths = (
				"$(DERIVED_FILE_DIR)/Pods-Questar-checkManifestLockResult.txt",
			);
			runOnlyForDeploymentPostprocessing = 0;
			shellPath = /bin/sh;
			shellScript = "diff \"${PODS_PODFILE_DIR_PATH}/Podfile.lock\" \"${PODS_ROOT}/Manifest.lock\" > /dev/null\nif [ $? != 0 ] ; then\n    # print error to STDERR\n    echo \"error: The sandbox is not in sync with the Podfile.lock. Run 'pod install' or update your CocoaPods installation.\" >&2\n    exit 1\nfi\n# This output is used by Xcode 'outputs' to avoid re-running this script phase.\necho \"SUCCESS\" > \"${SCRIPT_OUTPUT_FILE_0}\"\n";
			showEnvVarsInLog = 0;
		};
/* End PBXShellScriptBuildPhase section */

/* Begin PBXSourcesBuildPhase section */
		9C8D897728C8E77A0081F008 /* Sources */ = {
			isa = PBXSourcesBuildPhase;
			buildActionMask = 2147483647;
			files = (
				9CF6D2C028CB41F000A33D11 /* Quest.swift in Sources */,
				9C8D898128C8E77A0081F008 /* ARVC.swift in Sources */,
				9CF6D2B928CB38F700A33D11 /* MainVC.swift in Sources */,
				9CF6D2C228CB430300A33D11 /* QuestStepCell.swift in Sources */,
				9C8D897F28C8E77A0081F008 /* AppDelegate.swift in Sources */,
				9C8D898328C8E77A0081F008 /* Experience.rcproject in Sources */,
				9CF6D2BD28CB39FE00A33D11 /* CreateQuestVC.swift in Sources */,
				9CF6D2BB28CB39B300A33D11 /* Storyboardable.swift in Sources */,
			);
			runOnlyForDeploymentPostprocessing = 0;
		};
/* End PBXSourcesBuildPhase section */

/* Begin PBXVariantGroup section */
		9C8D898428C8E77A0081F008 /* Main.storyboard */ = {
			isa = PBXVariantGroup;
			children = (
				9C8D898528C8E77A0081F008 /* Base */,
			);
			name = Main.storyboard;
			sourceTree = "<group>";
		};
		9C8D898928C8E77D0081F008 /* LaunchScreen.storyboard */ = {
			isa = PBXVariantGroup;
			children = (
				9C8D898A28C8E77D0081F008 /* Base */,
			);
			name = LaunchScreen.storyboard;
			sourceTree = "<group>";
		};
/* End PBXVariantGroup section */

/* Begin XCBuildConfiguration section */
		9C8D898C28C8E77D0081F008 /* Debug */ = {
			isa = XCBuildConfiguration;
			buildSettings = {
				ALWAYS_SEARCH_USER_PATHS = NO;
				CLANG_ANALYZER_NONNULL = YES;
				CLANG_ANALYZER_NUMBER_OBJECT_CONVERSION = YES_AGGRESSIVE;
				CLANG_CXX_LANGUAGE_STANDARD = "gnu++17";
				CLANG_ENABLE_MODULES = YES;
				CLANG_ENABLE_OBJC_ARC = YES;
				CLANG_ENABLE_OBJC_WEAK = YES;
				CLANG_WARN_BLOCK_CAPTURE_AUTORELEASING = YES;
				CLANG_WARN_BOOL_CONVERSION = YES;
				CLANG_WARN_COMMA = YES;
				CLANG_WARN_CONSTANT_CONVERSION = YES;
				CLANG_WARN_DEPRECATED_OBJC_IMPLEMENTATIONS = YES;
				CLANG_WARN_DIRECT_OBJC_ISA_USAGE = YES_ERROR;
				CLANG_WARN_DOCUMENTATION_COMMENTS = YES;
				CLANG_WARN_EMPTY_BODY = YES;
				CLANG_WARN_ENUM_CONVERSION = YES;
				CLANG_WARN_INFINITE_RECURSION = YES;
				CLANG_WARN_INT_CONVERSION = YES;
				CLANG_WARN_NON_LITERAL_NULL_CONVERSION = YES;
				CLANG_WARN_OBJC_IMPLICIT_RETAIN_SELF = YES;
				CLANG_WARN_OBJC_LITERAL_CONVERSION = YES;
				CLANG_WARN_OBJC_ROOT_CLASS = YES_ERROR;
				CLANG_WARN_QUOTED_INCLUDE_IN_FRAMEWORK_HEADER = YES;
				CLANG_WARN_RANGE_LOOP_ANALYSIS = YES;
				CLANG_WARN_STRICT_PROTOTYPES = YES;
				CLANG_WARN_SUSPICIOUS_MOVE = YES;
				CLANG_WARN_UNGUARDED_AVAILABILITY = YES_AGGRESSIVE;
				CLANG_WARN_UNREACHABLE_CODE = YES;
				CLANG_WARN__DUPLICATE_METHOD_MATCH = YES;
				COPY_PHASE_STRIP = NO;
				DEBUG_INFORMATION_FORMAT = dwarf;
				ENABLE_STRICT_OBJC_MSGSEND = YES;
				ENABLE_TESTABILITY = YES;
				GCC_C_LANGUAGE_STANDARD = gnu11;
				GCC_DYNAMIC_NO_PIC = NO;
				GCC_NO_COMMON_BLOCKS = YES;
				GCC_OPTIMIZATION_LEVEL = 0;
				GCC_PREPROCESSOR_DEFINITIONS = (
					"DEBUG=1",
					"$(inherited)",
				);
				GCC_WARN_64_TO_32_BIT_CONVERSION = YES;
				GCC_WARN_ABOUT_RETURN_TYPE = YES_ERROR;
				GCC_WARN_UNDECLARED_SELECTOR = YES;
				GCC_WARN_UNINITIALIZED_AUTOS = YES_AGGRESSIVE;
				GCC_WARN_UNUSED_FUNCTION = YES;
				GCC_WARN_UNUSED_VARIABLE = YES;
				IPHONEOS_DEPLOYMENT_TARGET = 15.5;
				MTL_ENABLE_DEBUG_INFO = INCLUDE_SOURCE;
				MTL_FAST_MATH = YES;
				ONLY_ACTIVE_ARCH = YES;
				SDKROOT = iphoneos;
				SWIFT_ACTIVE_COMPILATION_CONDITIONS = DEBUG;
				SWIFT_OPTIMIZATION_LEVEL = "-Onone";
			};
			name = Debug;
		};
		9C8D898D28C8E77D0081F008 /* Release */ = {
			isa = XCBuildConfiguration;
			buildSettings = {
				ALWAYS_SEARCH_USER_PATHS = NO;
				CLANG_ANALYZER_NONNULL = YES;
				CLANG_ANALYZER_NUMBER_OBJECT_CONVERSION = YES_AGGRESSIVE;
				CLANG_CXX_LANGUAGE_STANDARD = "gnu++17";
				CLANG_ENABLE_MODULES = YES;
				CLANG_ENABLE_OBJC_ARC = YES;
				CLANG_ENABLE_OBJC_WEAK = YES;
				CLANG_WARN_BLOCK_CAPTURE_AUTORELEASING = YES;
				CLANG_WARN_BOOL_CONVERSION = YES;
				CLANG_WARN_COMMA = YES;
				CLANG_WARN_CONSTANT_CONVERSION = YES;
				CLANG_WARN_DEPRECATED_OBJC_IMPLEMENTATIONS = YES;
				CLANG_WARN_DIRECT_OBJC_ISA_USAGE = YES_ERROR;
				CLANG_WARN_DOCUMENTATION_COMMENTS = YES;
				CLANG_WARN_EMPTY_BODY = YES;
				CLANG_WARN_ENUM_CONVERSION = YES;
				CLANG_WARN_INFINITE_RECURSION = YES;
				CLANG_WARN_INT_CONVERSION = YES;
				CLANG_WARN_NON_LITERAL_NULL_CONVERSION = YES;
				CLANG_WARN_OBJC_IMPLICIT_RETAIN_SELF = YES;
				CLANG_WARN_OBJC_LITERAL_CONVERSION = YES;
				CLANG_WARN_OBJC_ROOT_CLASS = YES_ERROR;
				CLANG_WARN_QUOTED_INCLUDE_IN_FRAMEWORK_HEADER = YES;
				CLANG_WARN_RANGE_LOOP_ANALYSIS = YES;
				CLANG_WARN_STRICT_PROTOTYPES = YES;
				CLANG_WARN_SUSPICIOUS_MOVE = YES;
				CLANG_WARN_UNGUARDED_AVAILABILITY = YES_AGGRESSIVE;
				CLANG_WARN_UNREACHABLE_CODE = YES;
				CLANG_WARN__DUPLICATE_METHOD_MATCH = YES;
				COPY_PHASE_STRIP = NO;
				DEBUG_INFORMATION_FORMAT = "dwarf-with-dsym";
				ENABLE_NS_ASSERTIONS = NO;
				ENABLE_STRICT_OBJC_MSGSEND = YES;
				GCC_C_LANGUAGE_STANDARD = gnu11;
				GCC_NO_COMMON_BLOCKS = YES;
				GCC_WARN_64_TO_32_BIT_CONVERSION = YES;
				GCC_WARN_ABOUT_RETURN_TYPE = YES_ERROR;
				GCC_WARN_UNDECLARED_SELECTOR = YES;
				GCC_WARN_UNINITIALIZED_AUTOS = YES_AGGRESSIVE;
				GCC_WARN_UNUSED_FUNCTION = YES;
				GCC_WARN_UNUSED_VARIABLE = YES;
				IPHONEOS_DEPLOYMENT_TARGET = 15.5;
				MTL_ENABLE_DEBUG_INFO = NO;
				MTL_FAST_MATH = YES;
				SDKROOT = iphoneos;
				SWIFT_COMPILATION_MODE = wholemodule;
				SWIFT_OPTIMIZATION_LEVEL = "-O";
				VALIDATE_PRODUCT = YES;
			};
			name = Release;
		};
		9C8D898F28C8E77D0081F008 /* Debug */ = {
			isa = XCBuildConfiguration;
			baseConfigurationReference = 299BECAA3DD3E88ECB766232 /* Pods-Questar.debug.xcconfig */;
			buildSettings = {
				ASSETCATALOG_COMPILER_APPICON_NAME = AppIcon;
				ASSETCATALOG_COMPILER_GLOBAL_ACCENT_COLOR_NAME = AccentColor;
				CODE_SIGN_STYLE = Automatic;
				CURRENT_PROJECT_VERSION = 1;
				DEVELOPMENT_TEAM = ZJ5ZVQC3DA;
				GENERATE_INFOPLIST_FILE = YES;
				INFOPLIST_KEY_CFBundleDisplayName = Questar;
				INFOPLIST_KEY_NSCameraUsageDescription = "";
				INFOPLIST_KEY_UIApplicationSupportsIndirectInputEvents = YES;
				INFOPLIST_KEY_UILaunchStoryboardName = LaunchScreen;
				INFOPLIST_KEY_UIMainStoryboardFile = Main;
				INFOPLIST_KEY_UIRequiredDeviceCapabilities = arkit;
				INFOPLIST_KEY_UIStatusBarHidden = YES;
				INFOPLIST_KEY_UISupportedInterfaceOrientations_iPad = "UIInterfaceOrientationPortrait UIInterfaceOrientationPortraitUpsideDown UIInterfaceOrientationLandscapeLeft UIInterfaceOrientationLandscapeRight";
				INFOPLIST_KEY_UISupportedInterfaceOrientations_iPhone = "UIInterfaceOrientationPortrait UIInterfaceOrientationLandscapeLeft UIInterfaceOrientationLandscapeRight";
				LD_RUNPATH_SEARCH_PATHS = (
					"$(inherited)",
					"@executable_path/Frameworks",
				);
				MARKETING_VERSION = 1.0;
				PRODUCT_BUNDLE_IDENTIFIER = com.d3pr3ss3r.Questar;
				PRODUCT_NAME = "$(TARGET_NAME)";
				SWIFT_EMIT_LOC_STRINGS = YES;
				SWIFT_VERSION = 5.0;
				TARGETED_DEVICE_FAMILY = "1,2";
			};
			name = Debug;
		};
		9C8D899028C8E77D0081F008 /* Release */ = {
			isa = XCBuildConfiguration;
			baseConfigurationReference = 07F40D032235738D8195EDB2 /* Pods-Questar.release.xcconfig */;
			buildSettings = {
				ASSETCATALOG_COMPILER_APPICON_NAME = AppIcon;
				ASSETCATALOG_COMPILER_GLOBAL_ACCENT_COLOR_NAME = AccentColor;
				CODE_SIGN_STYLE = Automatic;
				CURRENT_PROJECT_VERSION = 1;
				DEVELOPMENT_TEAM = ZJ5ZVQC3DA;
				GENERATE_INFOPLIST_FILE = YES;
				INFOPLIST_KEY_CFBundleDisplayName = Questar;
				INFOPLIST_KEY_NSCameraUsageDescription = "";
				INFOPLIST_KEY_UIApplicationSupportsIndirectInputEvents = YES;
				INFOPLIST_KEY_UILaunchStoryboardName = LaunchScreen;
				INFOPLIST_KEY_UIMainStoryboardFile = Main;
				INFOPLIST_KEY_UIRequiredDeviceCapabilities = arkit;
				INFOPLIST_KEY_UIStatusBarHidden = YES;
				INFOPLIST_KEY_UISupportedInterfaceOrientations_iPad = "UIInterfaceOrientationPortrait UIInterfaceOrientationPortraitUpsideDown UIInterfaceOrientationLandscapeLeft UIInterfaceOrientationLandscapeRight";
				INFOPLIST_KEY_UISupportedInterfaceOrientations_iPhone = "UIInterfaceOrientationPortrait UIInterfaceOrientationLandscapeLeft UIInterfaceOrientationLandscapeRight";
				LD_RUNPATH_SEARCH_PATHS = (
					"$(inherited)",
					"@executable_path/Frameworks",
				);
				MARKETING_VERSION = 1.0;
				PRODUCT_BUNDLE_IDENTIFIER = com.d3pr3ss3r.Questar;
				PRODUCT_NAME = "$(TARGET_NAME)";
				SWIFT_EMIT_LOC_STRINGS = YES;
				SWIFT_VERSION = 5.0;
				TARGETED_DEVICE_FAMILY = "1,2";
			};
			name = Release;
		};
/* End XCBuildConfiguration section */

/* Begin XCConfigurationList section */
		9C8D897628C8E77A0081F008 /* Build configuration list for PBXProject "Questar" */ = {
			isa = XCConfigurationList;
			buildConfigurations = (
				9C8D898C28C8E77D0081F008 /* Debug */,
				9C8D898D28C8E77D0081F008 /* Release */,
			);
			defaultConfigurationIsVisible = 0;
			defaultConfigurationName = Release;
		};
		9C8D898E28C8E77D0081F008 /* Build configuration list for PBXNativeTarget "Questar" */ = {
			isa = XCConfigurationList;
			buildConfigurations = (
				9C8D898F28C8E77D0081F008 /* Debug */,
				9C8D899028C8E77D0081F008 /* Release */,
			);
			defaultConfigurationIsVisible = 0;
			defaultConfigurationName = Release;
		};
/* End XCConfigurationList section */
	};
	rootObject = 9C8D897328C8E77A0081F008 /* Project object */;
}
